
Microsoft Visual Studio Solution File, Format Version 12.00
# Visual Studio Version 17
VisualStudioVersion = 17.6.33829.357
MinimumVisualStudioVersion = 10.0.40219.1
Project("{FAE04EC0-301F-11D3-BF4B-00C04F79EFBC}") = "ModulesForTesting", "Math\ModulesForTesting.csproj", "{B3ED4D04-5A5C-435E-8E45-8E44F6DCCE61}"
EndProject
Project("{FAE04EC0-301F-11D3-BF4B-00C04F79EFBC}") = "CalculatorMSTest", "CalculatorMSTest\CalculatorMSTest.csproj", "{18CF2D5F-79AE-4A34-9641-4D0FAE362361}"
EndProject
Project("{FAE04EC0-301F-11D3-BF4B-00C04F79EFBC}") = "CalculatorNUnitTest", "CalculatorNUnitTest\CalculatorNUnitTest.csproj", "{90750342-EF57-45CF-A1C7-A67EB5CF3305}"
EndProject
Project("{FAE04EC0-301F-11D3-BF4B-00C04F79EFBC}") = "CalculatorXUnitTest", "CalculatorXUnitTest\CalculatorXUnitTest.csproj", "{877B6FF8-B781-481D-BBB1-9FF8563E385F}"
EndProject
Global
	GlobalSection(SolutionConfigurationPlatforms) = preSolution
		Debug|Any CPU = Debug|Any CPU
		Release|Any CPU = Release|Any CPU
	EndGlobalSection
	GlobalSection(ProjectConfigurationPlatforms) = postSolution
		{B3ED4D04-5A5C-435E-8E45-8E44F6DCCE61}.Debug|Any CPU.ActiveCfg = Debug|Any CPU
		{B3ED4D04-5A5C-435E-8E45-8E44F6DCCE61}.Debug|Any CPU.Build.0 = Debug|Any CPU
		{B3ED4D04-5A5C-435E-8E45-8E44F6DCCE61}.Release|Any CPU.ActiveCfg = Release|Any CPU
		{B3ED4D04-5A5C-435E-8E45-8E44F6DCCE61}.Release|Any CPU.Build.0 = Release|Any CPU
		{18CF2D5F-79AE-4A34-9641-4D0FAE362361}.Debug|Any CPU.ActiveCfg = Debug|Any CPU
		{18CF2D5F-79AE-4A34-9641-4D0FAE362361}.Debug|Any CPU.Build.0 = Debug|Any CPU
		{18CF2D5F-79AE-4A34-9641-4D0FAE362361}.Release|Any CPU.ActiveCfg = Release|Any CPU
		{18CF2D5F-79AE-4A34-9641-4D0FAE362361}.Release|Any CPU.Build.0 = Release|Any CPU
		{90750342-EF57-45CF-A1C7-A67EB5CF3305}.Debug|Any CPU.ActiveCfg = Debug|Any CPU
		{90750342-EF57-45CF-A1C7-A67EB5CF3305}.Debug|Any CPU.Build.0 = Debug|Any CPU
		{90750342-EF57-45CF-A1C7-A67EB5CF3305}.Release|Any CPU.ActiveCfg = Release|Any CPU
		{90750342-EF57-45CF-A1C7-A67EB5CF3305}.Release|Any CPU.Build.0 = Release|Any CPU
		{877B6FF8-B781-481D-BBB1-9FF8563E385F}.Debug|Any CPU.ActiveCfg = Debug|Any CPU
		{877B6FF8-B781-481D-BBB1-9FF8563E385F}.Debug|Any CPU.Build.0 = Debug|Any CPU
		{877B6FF8-B781-481D-BBB1-9FF8563E385F}.Release|Any CPU.ActiveCfg = Release|Any CPU
		{877B6FF8-B781-481D-BBB1-9FF8563E385F}.Release|Any CPU.Build.0 = Release|Any CPU
	EndGlobalSection
	GlobalSection(SolutionProperties) = preSolution
		HideSolutionNode = FALSE
	EndGlobalSection
	GlobalSection(ExtensibilityGlobals) = postSolution
		SolutionGuid = {B4F955BF-2D8C-41B1-B2F1-8C1E871F787F}
	EndGlobalSection
EndGlobal
